
Microsoft Visual Studio Solution File, Format Version 11.00
# Visual Studio 2010
Project("{FAE04EC0-301F-11D3-BF4B-00C04F79EFBC}") = "Assembly-CSharp", "Assembly-CSharp.csproj", "{7182aa27-a2b1-077d-ba83-61b8e3f662d8}"
EndProject
Project("{FAE04EC0-301F-11D3-BF4B-00C04F79EFBC}") = "Assembly-CSharp-Editor", "Assembly-CSharp-Editor.csproj", "{9f2a635a-cbee-9184-6375-f465b48fa9f4}"
EndProject
Global
	GlobalSection(SolutionConfigurationPlatforms) = preSolution
		Debug|Any CPU = Debug|Any CPU
	EndGlobalSection
	GlobalSection(ProjectConfigurationPlatforms) = postSolution
		{7182aa27-a2b1-077d-ba83-61b8e3f662d8}.Debug|Any CPU.ActiveCfg = Debug|Any CPU
		{7182aa27-a2b1-077d-ba83-61b8e3f662d8}.Debug|Any CPU.Build.0 = Debug|Any CPU
		{9f2a635a-cbee-9184-6375-f465b48fa9f4}.Debug|Any CPU.ActiveCfg = Debug|Any CPU
		{9f2a635a-cbee-9184-6375-f465b48fa9f4}.Debug|Any CPU.Build.0 = Debug|Any CPU
	EndGlobalSection
	GlobalSection(SolutionProperties) = preSolution
		HideSolutionNode = FALSE
	EndGlobalSection
EndGlobal
